// !$*UTF8*$!
{
	archiveVersion = 1;
	classes = {
	};
	objectVersion = 50;
	objects = {

/* Begin PBXBuildFile section */
		E142877A240C595700D15B0E /* RSThemeKit.h in Headers */ = {isa = PBXBuildFile; fileRef = E1428778240C595700D15B0E /* RSThemeKit.h */; settings = {ATTRIBUTES = (Public, ); }; };
		E1428798240C596600D15B0E /* ThemeCodable.swift in Sources */ = {isa = PBXBuildFile; fileRef = E1428781240C596400D15B0E /* ThemeCodable.swift */; };
		E1428799240C596600D15B0E /* ThemeModel.swift in Sources */ = {isa = PBXBuildFile; fileRef = E1428782240C596400D15B0E /* ThemeModel.swift */; };
		E142879A240C596600D15B0E /* NotificationName+Extensions.swift in Sources */ = {isa = PBXBuildFile; fileRef = E1428784240C596500D15B0E /* NotificationName+Extensions.swift */; };
		E142879B240C596600D15B0E /* ThemeCodable+Extensions.swift in Sources */ = {isa = PBXBuildFile; fileRef = E1428785240C596500D15B0E /* ThemeCodable+Extensions.swift */; };
		E142879C240C596600D15B0E /* ThemeModel+Extensions.swift in Sources */ = {isa = PBXBuildFile; fileRef = E1428786240C596500D15B0E /* ThemeModel+Extensions.swift */; };
		E142879D240C596600D15B0E /* UIColor+Extensions.swift in Sources */ = {isa = PBXBuildFile; fileRef = E1428787240C596500D15B0E /* UIColor+Extensions.swift */; };
		E142879E240C596600D15B0E /* UserDefaults+Extensions.swift in Sources */ = {isa = PBXBuildFile; fileRef = E1428788240C596500D15B0E /* UserDefaults+Extensions.swift */; };
		E142879F240C596600D15B0E /* RSColors.xcassets in Resources */ = {isa = PBXBuildFile; fileRef = E142878A240C596600D15B0E /* RSColors.xcassets */; };
		E14287A0240C596600D15B0E /* RSMedia.xcassets in Resources */ = {isa = PBXBuildFile; fileRef = E142878B240C596600D15B0E /* RSMedia.xcassets */; };
		E14287A1240C596600D15B0E /* ThemeCollectionCell.swift in Sources */ = {isa = PBXBuildFile; fileRef = E142878D240C596600D15B0E /* ThemeCollectionCell.swift */; };
		E14287A2240C596600D15B0E /* ThemeCollectionView.swift in Sources */ = {isa = PBXBuildFile; fileRef = E142878E240C596600D15B0E /* ThemeCollectionView.swift */; };
		E14287A3240C596600D15B0E /* ThemeNavigationController.swift in Sources */ = {isa = PBXBuildFile; fileRef = E142878F240C596600D15B0E /* ThemeNavigationController.swift */; };
		E14287A4240C596600D15B0E /* ThemeTabBarController.swift in Sources */ = {isa = PBXBuildFile; fileRef = E1428790240C596600D15B0E /* ThemeTabBarController.swift */; };
		E14287A5240C596600D15B0E /* ThemeTableView.swift in Sources */ = {isa = PBXBuildFile; fileRef = E1428791240C596600D15B0E /* ThemeTableView.swift */; };
		E14287A6240C596600D15B0E /* ThemeTableViewCell.swift in Sources */ = {isa = PBXBuildFile; fileRef = E1428792240C596600D15B0E /* ThemeTableViewCell.swift */; };
		E14287A7240C596600D15B0E /* ThemeViewController.swift in Sources */ = {isa = PBXBuildFile; fileRef = E1428793240C596600D15B0E /* ThemeViewController.swift */; };
		E14287A8240C596600D15B0E /* ThemeType.swift in Sources */ = {isa = PBXBuildFile; fileRef = E1428795240C596600D15B0E /* ThemeType.swift */; };
		E14287A9240C596600D15B0E /* ThemeManager.swift in Sources */ = {isa = PBXBuildFile; fileRef = E1428797240C596600D15B0E /* ThemeManager.swift */; };
/* End PBXBuildFile section */

/* Begin PBXFileReference section */
		E1428775240C595700D15B0E /* RSThemeKit.framework */ = {isa = PBXFileReference; explicitFileType = wrapper.framework; includeInIndex = 0; path = RSThemeKit.framework; sourceTree = BUILT_PRODUCTS_DIR; };
		E1428778240C595700D15B0E /* RSThemeKit.h */ = {isa = PBXFileReference; lastKnownFileType = sourcecode.c.h; path = RSThemeKit.h; sourceTree = "<group>"; };
		E1428779240C595700D15B0E /* Info.plist */ = {isa = PBXFileReference; lastKnownFileType = text.plist.xml; path = Info.plist; sourceTree = "<group>"; };
		E1428781240C596400D15B0E /* ThemeCodable.swift */ = {isa = PBXFileReference; fileEncoding = 4; lastKnownFileType = sourcecode.swift; path = ThemeCodable.swift; sourceTree = "<group>"; };
		E1428782240C596400D15B0E /* ThemeModel.swift */ = {isa = PBXFileReference; fileEncoding = 4; lastKnownFileType = sourcecode.swift; path = ThemeModel.swift; sourceTree = "<group>"; };
		E1428784240C596500D15B0E /* NotificationName+Extensions.swift */ = {isa = PBXFileReference; fileEncoding = 4; lastKnownFileType = sourcecode.swift; path = "NotificationName+Extensions.swift"; sourceTree = "<group>"; };
		E1428785240C596500D15B0E /* ThemeCodable+Extensions.swift */ = {isa = PBXFileReference; fileEncoding = 4; lastKnownFileType = sourcecode.swift; path = "ThemeCodable+Extensions.swift"; sourceTree = "<group>"; };
		E1428786240C596500D15B0E /* ThemeModel+Extensions.swift */ = {isa = PBXFileReference; fileEncoding = 4; lastKnownFileType = sourcecode.swift; path = "ThemeModel+Extensions.swift"; sourceTree = "<group>"; };
		E1428787240C596500D15B0E /* UIColor+Extensions.swift */ = {isa = PBXFileReference; fileEncoding = 4; lastKnownFileType = sourcecode.swift; path = "UIColor+Extensions.swift"; sourceTree = "<group>"; };
		E1428788240C596500D15B0E /* UserDefaults+Extensions.swift */ = {isa = PBXFileReference; fileEncoding = 4; lastKnownFileType = sourcecode.swift; path = "UserDefaults+Extensions.swift"; sourceTree = "<group>"; };
		E142878A240C596600D15B0E /* RSColors.xcassets */ = {isa = PBXFileReference; lastKnownFileType = folder.assetcatalog; path = RSColors.xcassets; sourceTree = "<group>"; };
		E142878B240C596600D15B0E /* RSMedia.xcassets */ = {isa = PBXFileReference; lastKnownFileType = folder.assetcatalog; path = RSMedia.xcassets; sourceTree = "<group>"; };
		E142878D240C596600D15B0E /* ThemeCollectionCell.swift */ = {isa = PBXFileReference; fileEncoding = 4; lastKnownFileType = sourcecode.swift; path = ThemeCollectionCell.swift; sourceTree = "<group>"; };
		E142878E240C596600D15B0E /* ThemeCollectionView.swift */ = {isa = PBXFileReference; fileEncoding = 4; lastKnownFileType = sourcecode.swift; path = ThemeCollectionView.swift; sourceTree = "<group>"; };
		E142878F240C596600D15B0E /* ThemeNavigationController.swift */ = {isa = PBXFileReference; fileEncoding = 4; lastKnownFileType = sourcecode.swift; path = ThemeNavigationController.swift; sourceTree = "<group>"; };
		E1428790240C596600D15B0E /* ThemeTabBarController.swift */ = {isa = PBXFileReference; fileEncoding = 4; lastKnownFileType = sourcecode.swift; path = ThemeTabBarController.swift; sourceTree = "<group>"; };
		E1428791240C596600D15B0E /* ThemeTableView.swift */ = {isa = PBXFileReference; fileEncoding = 4; lastKnownFileType = sourcecode.swift; path = ThemeTableView.swift; sourceTree = "<group>"; };
		E1428792240C596600D15B0E /* ThemeTableViewCell.swift */ = {isa = PBXFileReference; fileEncoding = 4; lastKnownFileType = sourcecode.swift; path = ThemeTableViewCell.swift; sourceTree = "<group>"; };
		E1428793240C596600D15B0E /* ThemeViewController.swift */ = {isa = PBXFileReference; fileEncoding = 4; lastKnownFileType = sourcecode.swift; path = ThemeViewController.swift; sourceTree = "<group>"; };
		E1428795240C596600D15B0E /* ThemeType.swift */ = {isa = PBXFileReference; fileEncoding = 4; lastKnownFileType = sourcecode.swift; path = ThemeType.swift; sourceTree = "<group>"; };
		E1428797240C596600D15B0E /* ThemeManager.swift */ = {isa = PBXFileReference; fileEncoding = 4; lastKnownFileType = sourcecode.swift; path = ThemeManager.swift; sourceTree = "<group>"; };
/* End PBXFileReference section */

/* Begin PBXFrameworksBuildPhase section */
		E1428772240C595700D15B0E /* Frameworks */ = {
			isa = PBXFrameworksBuildPhase;
			buildActionMask = 2147483647;
			files = (
			);
			runOnlyForDeploymentPostprocessing = 0;
		};
/* End PBXFrameworksBuildPhase section */

/* Begin PBXGroup section */
		E142876B240C595700D15B0E = {
			isa = PBXGroup;
			children = (
				E1428777240C595700D15B0E /* RSThemeKit */,
				E1428776240C595700D15B0E /* Products */,
			);
			sourceTree = "<group>";
		};
		E1428776240C595700D15B0E /* Products */ = {
			isa = PBXGroup;
			children = (
				E1428775240C595700D15B0E /* RSThemeKit.framework */,
			);
			name = Products;
			sourceTree = "<group>";
		};
		E1428777240C595700D15B0E /* RSThemeKit */ = {
			isa = PBXGroup;
			children = (
				E1428789240C596600D15B0E /* Resource */,
				E1428794240C596600D15B0E /* Enums */,
				E1428783240C596500D15B0E /* Extensions */,
				E1428796240C596600D15B0E /* Manager */,
				E1428780240C596400D15B0E /* Model */,
				E142878C240C596600D15B0E /* Views */,
				E1428779240C595700D15B0E /* Info.plist */,
				E1428778240C595700D15B0E /* RSThemeKit.h */,
			);
			path = RSThemeKit;
			sourceTree = "<group>";
		};
		E1428780240C596400D15B0E /* Model */ = {
			isa = PBXGroup;
			children = (
				E1428781240C596400D15B0E /* ThemeCodable.swift */,
				E1428782240C596400D15B0E /* ThemeModel.swift */,
			);
			path = Model;
			sourceTree = "<group>";
		};
		E1428783240C596500D15B0E /* Extensions */ = {
			isa = PBXGroup;
			children = (
				E1428784240C596500D15B0E /* NotificationName+Extensions.swift */,
				E1428785240C596500D15B0E /* ThemeCodable+Extensions.swift */,
				E1428786240C596500D15B0E /* ThemeModel+Extensions.swift */,
				E1428787240C596500D15B0E /* UIColor+Extensions.swift */,
				E1428788240C596500D15B0E /* UserDefaults+Extensions.swift */,
			);
			path = Extensions;
			sourceTree = "<group>";
		};
		E1428789240C596600D15B0E /* Resource */ = {
			isa = PBXGroup;
			children = (
				E142878A240C596600D15B0E /* RSColors.xcassets */,
				E142878B240C596600D15B0E /* RSMedia.xcassets */,
			);
			path = Resource;
			sourceTree = "<group>";
		};
		E142878C240C596600D15B0E /* Views */ = {
			isa = PBXGroup;
			children = (
				E1428790240C596600D15B0E /* ThemeTabBarController.swift */,
				E142878F240C596600D15B0E /* ThemeNavigationController.swift */,
				E1428793240C596600D15B0E /* ThemeViewController.swift */,
				E1428791240C596600D15B0E /* ThemeTableView.swift */,
				E1428792240C596600D15B0E /* ThemeTableViewCell.swift */,
				E142878E240C596600D15B0E /* ThemeCollectionView.swift */,
				E142878D240C596600D15B0E /* ThemeCollectionCell.swift */,
			);
			path = Views;
			sourceTree = "<group>";
		};
		E1428794240C596600D15B0E /* Enums */ = {
			isa = PBXGroup;
			children = (
				E1428795240C596600D15B0E /* ThemeType.swift */,
			);
			path = Enums;
			sourceTree = "<group>";
		};
		E1428796240C596600D15B0E /* Manager */ = {
			isa = PBXGroup;
			children = (
				E1428797240C596600D15B0E /* ThemeManager.swift */,
			);
			path = Manager;
			sourceTree = "<group>";
		};
/* End PBXGroup section */

/* Begin PBXHeadersBuildPhase section */
		E1428770240C595700D15B0E /* Headers */ = {
			isa = PBXHeadersBuildPhase;
			buildActionMask = 2147483647;
			files = (
				E142877A240C595700D15B0E /* RSThemeKit.h in Headers */,
			);
			runOnlyForDeploymentPostprocessing = 0;
		};
/* End PBXHeadersBuildPhase section */

/* Begin PBXNativeTarget section */
		E1428774240C595700D15B0E /* RSThemeKit */ = {
			isa = PBXNativeTarget;
			buildConfigurationList = E142877D240C595700D15B0E /* Build configuration list for PBXNativeTarget "RSThemeKit" */;
			buildPhases = (
				E1428770240C595700D15B0E /* Headers */,
				E1428771240C595700D15B0E /* Sources */,
				E1428772240C595700D15B0E /* Frameworks */,
				E1428773240C595700D15B0E /* Resources */,
			);
			buildRules = (
			);
			dependencies = (
			);
			name = RSThemeKit;
			productName = RSThemeKit;
			productReference = E1428775240C595700D15B0E /* RSThemeKit.framework */;
			productType = "com.apple.product-type.framework";
		};
/* End PBXNativeTarget section */

/* Begin PBXProject section */
		E142876C240C595700D15B0E /* Project object */ = {
			isa = PBXProject;
			attributes = {
				KnownAssetTags = (
					New,
				);
				LastUpgradeCheck = 1010;
				ORGANIZATIONNAME = Robert;
				TargetAttributes = {
					E1428774240C595700D15B0E = {
						CreatedOnToolsVersion = 10.1;
					};
				};
			};
			buildConfigurationList = E142876F240C595700D15B0E /* Build configuration list for PBXProject "RSThemeKit" */;
			compatibilityVersion = "Xcode 9.3";
			developmentRegion = en;
			hasScannedForEncodings = 0;
			knownRegions = (
				en,
			);
			mainGroup = E142876B240C595700D15B0E;
			productRefGroup = E1428776240C595700D15B0E /* Products */;
			projectDirPath = "";
			projectRoot = "";
			targets = (
				E1428774240C595700D15B0E /* RSThemeKit */,
			);
		};
/* End PBXProject section */

/* Begin PBXResourcesBuildPhase section */
		E1428773240C595700D15B0E /* Resources */ = {
			isa = PBXResourcesBuildPhase;
			buildActionMask = 2147483647;
			files = (
				E14287A0240C596600D15B0E /* RSMedia.xcassets in Resources */,
				E142879F240C596600D15B0E /* RSColors.xcassets in Resources */,
			);
			runOnlyForDeploymentPostprocessing = 0;
		};
/* End PBXResourcesBuildPhase section */

/* Begin PBXSourcesBuildPhase section */
		E1428771240C595700D15B0E /* Sources */ = {
			isa = PBXSourcesBuildPhase;
			buildActionMask = 2147483647;
			files = (
				E142879B240C596600D15B0E /* ThemeCodable+Extensions.swift in Sources */,
				E142879D240C596600D15B0E /* UIColor+Extensions.swift in Sources */,
				E14287A7240C596600D15B0E /* ThemeViewController.swift in Sources */,
				E142879A240C596600D15B0E /* NotificationName+Extensions.swift in Sources */,
				E14287A1240C596600D15B0E /* ThemeCollectionCell.swift in Sources */,
				E14287A8240C596600D15B0E /* ThemeType.swift in Sources */,
				E1428798240C596600D15B0E /* ThemeCodable.swift in Sources */,
				E14287A5240C596600D15B0E /* ThemeTableView.swift in Sources */,
				E142879E240C596600D15B0E /* UserDefaults+Extensions.swift in Sources */,
				E14287A4240C596600D15B0E /* ThemeTabBarController.swift in Sources */,
				E14287A2240C596600D15B0E /* ThemeCollectionView.swift in Sources */,
				E14287A9240C596600D15B0E /* ThemeManager.swift in Sources */,
				E14287A6240C596600D15B0E /* ThemeTableViewCell.swift in Sources */,
				E14287A3240C596600D15B0E /* ThemeNavigationController.swift in Sources */,
				E142879C240C596600D15B0E /* ThemeModel+Extensions.swift in Sources */,
				E1428799240C596600D15B0E /* ThemeModel.swift in Sources */,
			);
			runOnlyForDeploymentPostprocessing = 0;
		};
/* End PBXSourcesBuildPhase section */

/* Begin XCBuildConfiguration section */
		E142877B240C595700D15B0E /* Debug */ = {
			isa = XCBuildConfiguration;
			buildSettings = {
				ALWAYS_SEARCH_USER_PATHS = NO;
				CLANG_ANALYZER_NONNULL = YES;
				CLANG_ANALYZER_NUMBER_OBJECT_CONVERSION = YES_AGGRESSIVE;
				CLANG_CXX_LANGUAGE_STANDARD = "gnu++14";
				CLANG_CXX_LIBRARY = "libc++";
				CLANG_ENABLE_MODULES = YES;
				CLANG_ENABLE_OBJC_ARC = YES;
				CLANG_ENABLE_OBJC_WEAK = YES;
				CLANG_WARN_BLOCK_CAPTURE_AUTORELEASING = YES;
				CLANG_WARN_BOOL_CONVERSION = YES;
				CLANG_WARN_COMMA = YES;
				CLANG_WARN_CONSTANT_CONVERSION = YES;
				CLANG_WARN_DEPRECATED_OBJC_IMPLEMENTATIONS = YES;
				CLANG_WARN_DIRECT_OBJC_ISA_USAGE = YES_ERROR;
				CLANG_WARN_DOCUMENTATION_COMMENTS = YES;
				CLANG_WARN_EMPTY_BODY = YES;
				CLANG_WARN_ENUM_CONVERSION = YES;
				CLANG_WARN_INFINITE_RECURSION = YES;
				CLANG_WARN_INT_CONVERSION = YES;
				CLANG_WARN_NON_LITERAL_NULL_CONVERSION = YES;
				CLANG_WARN_OBJC_IMPLICIT_RETAIN_SELF = YES;
				CLANG_WARN_OBJC_LITERAL_CONVERSION = YES;
				CLANG_WARN_OBJC_ROOT_CLASS = YES_ERROR;
				CLANG_WARN_RANGE_LOOP_ANALYSIS = YES;
				CLANG_WARN_STRICT_PROTOTYPES = YES;
				CLANG_WARN_SUSPICIOUS_MOVE = YES;
				CLANG_WARN_UNGUARDED_AVAILABILITY = YES_AGGRESSIVE;
				CLANG_WARN_UNREACHABLE_CODE = YES;
				CLANG_WARN__DUPLICATE_METHOD_MATCH = YES;
				CODE_SIGN_IDENTITY = "iPhone Developer";
				COPY_PHASE_STRIP = NO;
				CURRENT_PROJECT_VERSION = 1;
				DEBUG_INFORMATION_FORMAT = dwarf;
				ENABLE_STRICT_OBJC_MSGSEND = YES;
				ENABLE_TESTABILITY = YES;
				GCC_C_LANGUAGE_STANDARD = gnu11;
				GCC_DYNAMIC_NO_PIC = NO;
				GCC_NO_COMMON_BLOCKS = YES;
				GCC_OPTIMIZATION_LEVEL = 0;
				GCC_PREPROCESSOR_DEFINITIONS = (
					"DEBUG=1",
					"$(inherited)",
				);
				GCC_WARN_64_TO_32_BIT_CONVERSION = YES;
				GCC_WARN_ABOUT_RETURN_TYPE = YES_ERROR;
				GCC_WARN_UNDECLARED_SELECTOR = YES;
				GCC_WARN_UNINITIALIZED_AUTOS = YES_AGGRESSIVE;
				GCC_WARN_UNUSED_FUNCTION = YES;
				GCC_WARN_UNUSED_VARIABLE = YES;
				IPHONEOS_DEPLOYMENT_TARGET = 12.1;
				MTL_ENABLE_DEBUG_INFO = INCLUDE_SOURCE;
				MTL_FAST_MATH = YES;
				ONLY_ACTIVE_ARCH = YES;
				SDKROOT = iphoneos;
				SWIFT_ACTIVE_COMPILATION_CONDITIONS = DEBUG;
				SWIFT_OPTIMIZATION_LEVEL = "-Onone";
				VERSIONING_SYSTEM = "apple-generic";
				VERSION_INFO_PREFIX = "";
			};
			name = Debug;
		};
		E142877C240C595700D15B0E /* Release */ = {
			isa = XCBuildConfiguration;
			buildSettings = {
				ALWAYS_SEARCH_USER_PATHS = NO;
				CLANG_ANALYZER_NONNULL = YES;
				CLANG_ANALYZER_NUMBER_OBJECT_CONVERSION = YES_AGGRESSIVE;
				CLANG_CXX_LANGUAGE_STANDARD = "gnu++14";
				CLANG_CXX_LIBRARY = "libc++";
				CLANG_ENABLE_MODULES = YES;
				CLANG_ENABLE_OBJC_ARC = YES;
				CLANG_ENABLE_OBJC_WEAK = YES;
				CLANG_WARN_BLOCK_CAPTURE_AUTORELEASING = YES;
				CLANG_WARN_BOOL_CONVERSION = YES;
				CLANG_WARN_COMMA = YES;
				CLANG_WARN_CONSTANT_CONVERSION = YES;
				CLANG_WARN_DEPRECATED_OBJC_IMPLEMENTATIONS = YES;
				CLANG_WARN_DIRECT_OBJC_ISA_USAGE = YES_ERROR;
				CLANG_WARN_DOCUMENTATION_COMMENTS = YES;
				CLANG_WARN_EMPTY_BODY = YES;
				CLANG_WARN_ENUM_CONVERSION = YES;
				CLANG_WARN_INFINITE_RECURSION = YES;
				CLANG_WARN_INT_CONVERSION = YES;
				CLANG_WARN_NON_LITERAL_NULL_CONVERSION = YES;
				CLANG_WARN_OBJC_IMPLICIT_RETAIN_SELF = YES;
				CLANG_WARN_OBJC_LITERAL_CONVERSION = YES;
				CLANG_WARN_OBJC_ROOT_CLASS = YES_ERROR;
				CLANG_WARN_RANGE_LOOP_ANALYSIS = YES;
				CLANG_WARN_STRICT_PROTOTYPES = YES;
				CLANG_WARN_SUSPICIOUS_MOVE = YES;
				CLANG_WARN_UNGUARDED_AVAILABILITY = YES_AGGRESSIVE;
				CLANG_WARN_UNREACHABLE_CODE = YES;
				CLANG_WARN__DUPLICATE_METHOD_MATCH = YES;
				CODE_SIGN_IDENTITY = "iPhone Developer";
				COPY_PHASE_STRIP = NO;
				CURRENT_PROJECT_VERSION = 1;
				DEBUG_INFORMATION_FORMAT = "dwarf-with-dsym";
				ENABLE_NS_ASSERTIONS = NO;
				ENABLE_STRICT_OBJC_MSGSEND = YES;
				GCC_C_LANGUAGE_STANDARD = gnu11;
				GCC_NO_COMMON_BLOCKS = YES;
				GCC_WARN_64_TO_32_BIT_CONVERSION = YES;
				GCC_WARN_ABOUT_RETURN_TYPE = YES_ERROR;
				GCC_WARN_UNDECLARED_SELECTOR = YES;
				GCC_WARN_UNINITIALIZED_AUTOS = YES_AGGRESSIVE;
				GCC_WARN_UNUSED_FUNCTION = YES;
				GCC_WARN_UNUSED_VARIABLE = YES;
				IPHONEOS_DEPLOYMENT_TARGET = 12.1;
				MTL_ENABLE_DEBUG_INFO = NO;
				MTL_FAST_MATH = YES;
				SDKROOT = iphoneos;
				SWIFT_COMPILATION_MODE = wholemodule;
				SWIFT_OPTIMIZATION_LEVEL = "-O";
				VALIDATE_PRODUCT = YES;
				VERSIONING_SYSTEM = "apple-generic";
				VERSION_INFO_PREFIX = "";
			};
			name = Release;
		};
		E142877E240C595700D15B0E /* Debug */ = {
			isa = XCBuildConfiguration;
			buildSettings = {
				CODE_SIGN_IDENTITY = "";
				CODE_SIGN_STYLE = Automatic;
				DEFINES_MODULE = YES;
				DEVELOPMENT_TEAM = VY2ZB4KW5J;
				DYLIB_COMPATIBILITY_VERSION = 1;
				DYLIB_CURRENT_VERSION = 1;
				DYLIB_INSTALL_NAME_BASE = "@rpath";
				INFOPLIST_FILE = RSThemeKit/Info.plist;
				INSTALL_PATH = "$(LOCAL_LIBRARY_DIR)/Frameworks";
				LD_RUNPATH_SEARCH_PATHS = (
					"$(inherited)",
					"@executable_path/Frameworks",
					"@loader_path/Frameworks",
				);
				PRODUCT_BUNDLE_IDENTIFIER = rs.RSThemeKit;
				PRODUCT_NAME = "$(TARGET_NAME:c99extidentifier)";
				SKIP_INSTALL = YES;
				SWIFT_VERSION = 4.2;
				TARGETED_DEVICE_FAMILY = "1,2";
			};
			name = Debug;
		};
		E142877F240C595700D15B0E /* Release */ = {
			isa = XCBuildConfiguration;
			buildSettings = {
				CODE_SIGN_IDENTITY = "";
				CODE_SIGN_STYLE = Automatic;
				DEFINES_MODULE = YES;
				DEVELOPMENT_TEAM = VY2ZB4KW5J;
				DYLIB_COMPATIBILITY_VERSION = 1;
				DYLIB_CURRENT_VERSION = 1;
				DYLIB_INSTALL_NAME_BASE = "@rpath";
				INFOPLIST_FILE = RSThemeKit/Info.plist;
				INSTALL_PATH = "$(LOCAL_LIBRARY_DIR)/Frameworks";
				LD_RUNPATH_SEARCH_PATHS = (
					"$(inherited)",
					"@executable_path/Frameworks",
					"@loader_path/Frameworks",
				);
				PRODUCT_BUNDLE_IDENTIFIER = rs.RSThemeKit;
				PRODUCT_NAME = "$(TARGET_NAME:c99extidentifier)";
				SKIP_INSTALL = YES;
				SWIFT_VERSION = 4.2;
				TARGETED_DEVICE_FAMILY = "1,2";
			};
			name = Release;
		};
/* End XCBuildConfiguration section */

/* Begin XCConfigurationList section */
		E142876F240C595700D15B0E /* Build configuration list for PBXProject "RSThemeKit" */ = {
			isa = XCConfigurationList;
			buildConfigurations = (
				E142877B240C595700D15B0E /* Debug */,
				E142877C240C595700D15B0E /* Release */,
			);
			defaultConfigurationIsVisible = 0;
			defaultConfigurationName = Release;
		};
		E142877D240C595700D15B0E /* Build configuration list for PBXNativeTarget "RSThemeKit" */ = {
			isa = XCConfigurationList;
			buildConfigurations = (
				E142877E240C595700D15B0E /* Debug */,
				E142877F240C595700D15B0E /* Release */,
			);
			defaultConfigurationIsVisible = 0;
			defaultConfigurationName = Release;
		};
/* End XCConfigurationList section */
	};
	rootObject = E142876C240C595700D15B0E /* Project object */;
}
