// !$*UTF8*$!
{
	archiveVersion = 1;
	classes = {
	};
	objectVersion = 50;
	objects = {

/* Begin PBXBuildFile section */
		CE3824B1010804F3D4D43F70 /* libPods-Example.a in Frameworks */ = {isa = PBXBuildFile; fileRef = DA907255B1BA6EB95509A810 /* libPods-Example.a */; };
		FA48BDE5241902950047726B /* AppDelegate.swift in Sources */ = {isa = PBXBuildFile; fileRef = FA48BDE4241902950047726B /* AppDelegate.swift */; };
		FA48BDE9241902950047726B /* ViewController.swift in Sources */ = {isa = PBXBuildFile; fileRef = FA48BDE8241902950047726B /* ViewController.swift */; };
		FA48BDEC241902950047726B /* Main.storyboard in Resources */ = {isa = PBXBuildFile; fileRef = FA48BDEA241902950047726B /* Main.storyboard */; };
		FA48BDEE241902960047726B /* Assets.xcassets in Resources */ = {isa = PBXBuildFile; fileRef = FA48BDED241902960047726B /* Assets.xcassets */; };
		FA48BDF1241902960047726B /* LaunchScreen.storyboard in Resources */ = {isa = PBXBuildFile; fileRef = FA48BDEF241902960047726B /* LaunchScreen.storyboard */; };
		FA9930942419072C00E08BB0 /* SwitchCell.xib in Resources */ = {isa = PBXBuildFile; fileRef = FA9930922419072C00E08BB0 /* SwitchCell.xib */; };
		FA9930952419072C00E08BB0 /* SwitchCell.swift in Sources */ = {isa = PBXBuildFile; fileRef = FA9930932419072C00E08BB0 /* SwitchCell.swift */; };
/* End PBXBuildFile section */

/* Begin PBXFileReference section */
		15252252CB00DC45DBFD41CC /* Pods-Example.debug.xcconfig */ = {isa = PBXFileReference; includeInIndex = 1; lastKnownFileType = text.xcconfig; name = "Pods-Example.debug.xcconfig"; path = "Target Support Files/Pods-Example/Pods-Example.debug.xcconfig"; sourceTree = "<group>"; };
		9E3D69CB9ADD76A69EE8E790 /* Pods-Example.release.xcconfig */ = {isa = PBXFileReference; includeInIndex = 1; lastKnownFileType = text.xcconfig; name = "Pods-Example.release.xcconfig"; path = "Target Support Files/Pods-Example/Pods-Example.release.xcconfig"; sourceTree = "<group>"; };
		DA907255B1BA6EB95509A810 /* libPods-Example.a */ = {isa = PBXFileReference; explicitFileType = archive.ar; includeInIndex = 0; path = "libPods-Example.a"; sourceTree = BUILT_PRODUCTS_DIR; };
		FA37187A241EB279003A6320 /* RSThemeKit.framework */ = {isa = PBXFileReference; explicitFileType = wrapper.framework; path = RSThemeKit.framework; sourceTree = BUILT_PRODUCTS_DIR; };
		FA37187E241EB41E003A6320 /* RSThemeKit.framework */ = {isa = PBXFileReference; explicitFileType = wrapper.framework; path = RSThemeKit.framework; sourceTree = BUILT_PRODUCTS_DIR; };
		FA48BDE1241902950047726B /* Example.app */ = {isa = PBXFileReference; explicitFileType = wrapper.application; includeInIndex = 0; path = Example.app; sourceTree = BUILT_PRODUCTS_DIR; };
		FA48BDE4241902950047726B /* AppDelegate.swift */ = {isa = PBXFileReference; lastKnownFileType = sourcecode.swift; path = AppDelegate.swift; sourceTree = "<group>"; };
		FA48BDE8241902950047726B /* ViewController.swift */ = {isa = PBXFileReference; lastKnownFileType = sourcecode.swift; path = ViewController.swift; sourceTree = "<group>"; };
		FA48BDEB241902950047726B /* Base */ = {isa = PBXFileReference; lastKnownFileType = file.storyboard; name = Base; path = Base.lproj/Main.storyboard; sourceTree = "<group>"; };
		FA48BDED241902960047726B /* Assets.xcassets */ = {isa = PBXFileReference; lastKnownFileType = folder.assetcatalog; path = Assets.xcassets; sourceTree = "<group>"; };
		FA48BDF0241902960047726B /* Base */ = {isa = PBXFileReference; lastKnownFileType = file.storyboard; name = Base; path = Base.lproj/LaunchScreen.storyboard; sourceTree = "<group>"; };
		FA48BDF2241902960047726B /* Info.plist */ = {isa = PBXFileReference; lastKnownFileType = text.plist.xml; path = Info.plist; sourceTree = "<group>"; };
		FA99308E241906ED00E08BB0 /* RSThemeKit.framework */ = {isa = PBXFileReference; explicitFileType = wrapper.framework; path = RSThemeKit.framework; sourceTree = BUILT_PRODUCTS_DIR; };
		FA9930922419072C00E08BB0 /* SwitchCell.xib */ = {isa = PBXFileReference; fileEncoding = 4; lastKnownFileType = file.xib; path = SwitchCell.xib; sourceTree = "<group>"; };
		FA9930932419072C00E08BB0 /* SwitchCell.swift */ = {isa = PBXFileReference; fileEncoding = 4; lastKnownFileType = sourcecode.swift; path = SwitchCell.swift; sourceTree = "<group>"; };
/* End PBXFileReference section */

/* Begin PBXFrameworksBuildPhase section */
		FA48BDDE241902950047726B /* Frameworks */ = {
			isa = PBXFrameworksBuildPhase;
			buildActionMask = 2147483647;
			files = (
				CE3824B1010804F3D4D43F70 /* libPods-Example.a in Frameworks */,
			);
			runOnlyForDeploymentPostprocessing = 0;
		};
/* End PBXFrameworksBuildPhase section */

/* Begin PBXGroup section */
		8166D06AD0C57F9A557BE14C /* Pods */ = {
			isa = PBXGroup;
			children = (
				15252252CB00DC45DBFD41CC /* Pods-Example.debug.xcconfig */,
				9E3D69CB9ADD76A69EE8E790 /* Pods-Example.release.xcconfig */,
			);
			name = Pods;
			path = Pods;
			sourceTree = "<group>";
		};
		FA48BDD8241902950047726B = {
			isa = PBXGroup;
			children = (
				FA48BDE3241902950047726B /* Example */,
				FA48BDE2241902950047726B /* Products */,
				FA99308D241906ED00E08BB0 /* Frameworks */,
				8166D06AD0C57F9A557BE14C /* Pods */,
			);
			sourceTree = "<group>";
		};
		FA48BDE2241902950047726B /* Products */ = {
			isa = PBXGroup;
			children = (
				FA48BDE1241902950047726B /* Example.app */,
			);
			name = Products;
			sourceTree = "<group>";
		};
		FA48BDE3241902950047726B /* Example */ = {
			isa = PBXGroup;
			children = (
				FA48BDE4241902950047726B /* AppDelegate.swift */,
				FA9930932419072C00E08BB0 /* SwitchCell.swift */,
				FA9930922419072C00E08BB0 /* SwitchCell.xib */,
				FA48BDE8241902950047726B /* ViewController.swift */,
				FA48BDEA241902950047726B /* Main.storyboard */,
				FA48BDED241902960047726B /* Assets.xcassets */,
				FA48BDEF241902960047726B /* LaunchScreen.storyboard */,
				FA48BDF2241902960047726B /* Info.plist */,
			);
			path = Example;
			sourceTree = "<group>";
		};
		FA99308D241906ED00E08BB0 /* Frameworks */ = {
			isa = PBXGroup;
			children = (
				FA37187E241EB41E003A6320 /* RSThemeKit.framework */,
				FA37187A241EB279003A6320 /* RSThemeKit.framework */,
				FA99308E241906ED00E08BB0 /* RSThemeKit.framework */,
				DA907255B1BA6EB95509A810 /* libPods-Example.a */,
			);
			name = Frameworks;
			sourceTree = "<group>";
		};
/* End PBXGroup section */

/* Begin PBXNativeTarget section */
		FA48BDE0241902950047726B /* Example */ = {
			isa = PBXNativeTarget;
			buildConfigurationList = FA48BDF5241902960047726B /* Build configuration list for PBXNativeTarget "Example" */;
			buildPhases = (
				632B6A462BEFFD5E93AB5434 /* [CP] Check Pods Manifest.lock */,
				FA48BDDD241902950047726B /* Sources */,
				FA48BDDE241902950047726B /* Frameworks */,
				FA48BDDF241902950047726B /* Resources */,
			);
			buildRules = (
			);
			dependencies = (
			);
			name = Example;
			productName = Example;
			productReference = FA48BDE1241902950047726B /* Example.app */;
			productType = "com.apple.product-type.application";
		};
/* End PBXNativeTarget section */

/* Begin PBXProject section */
		FA48BDD9241902950047726B /* Project object */ = {
			isa = PBXProject;
			attributes = {
				LastSwiftUpdateCheck = 1130;
				LastUpgradeCheck = 1130;
				ORGANIZATIONNAME = Robert;
				TargetAttributes = {
					FA48BDE0241902950047726B = {
						CreatedOnToolsVersion = 11.3.1;
					};
				};
			};
			buildConfigurationList = FA48BDDC241902950047726B /* Build configuration list for PBXProject "Example" */;
			compatibilityVersion = "Xcode 9.3";
			developmentRegion = en;
			hasScannedForEncodings = 0;
			knownRegions = (
				en,
				Base,
			);
			mainGroup = FA48BDD8241902950047726B;
			productRefGroup = FA48BDE2241902950047726B /* Products */;
			projectDirPath = "";
			projectRoot = "";
			targets = (
				FA48BDE0241902950047726B /* Example */,
			);
		};
/* End PBXProject section */

/* Begin PBXResourcesBuildPhase section */
		FA48BDDF241902950047726B /* Resources */ = {
			isa = PBXResourcesBuildPhase;
			buildActionMask = 2147483647;
			files = (
				FA48BDF1241902960047726B /* LaunchScreen.storyboard in Resources */,
				FA9930942419072C00E08BB0 /* SwitchCell.xib in Resources */,
				FA48BDEE241902960047726B /* Assets.xcassets in Resources */,
				FA48BDEC241902950047726B /* Main.storyboard in Resources */,
			);
			runOnlyForDeploymentPostprocessing = 0;
		};
/* End PBXResourcesBuildPhase section */

/* Begin PBXShellScriptBuildPhase section */
		632B6A462BEFFD5E93AB5434 /* [CP] Check Pods Manifest.lock */ = {
			isa = PBXShellScriptBuildPhase;
			buildActionMask = 2147483647;
			files = (
			);
			inputFileListPaths = (
			);
			inputPaths = (
				"${PODS_PODFILE_DIR_PATH}/Podfile.lock",
				"${PODS_ROOT}/Manifest.lock",
			);
			name = "[CP] Check Pods Manifest.lock";
			outputFileListPaths = (
			);
			outputPaths = (
				"$(DERIVED_FILE_DIR)/Pods-Example-checkManifestLockResult.txt",
			);
			runOnlyForDeploymentPostprocessing = 0;
			shellPath = /bin/sh;
			shellScript = "diff \"${PODS_PODFILE_DIR_PATH}/Podfile.lock\" \"${PODS_ROOT}/Manifest.lock\" > /dev/null\nif [ $? != 0 ] ; then\n    # print error to STDERR\n    echo \"error: The sandbox is not in sync with the Podfile.lock. Run 'pod install' or update your CocoaPods installation.\" >&2\n    exit 1\nfi\n# This output is used by Xcode 'outputs' to avoid re-running this script phase.\necho \"SUCCESS\" > \"${SCRIPT_OUTPUT_FILE_0}\"\n";
			showEnvVarsInLog = 0;
		};
/* End PBXShellScriptBuildPhase section */

/* Begin PBXSourcesBuildPhase section */
		FA48BDDD241902950047726B /* Sources */ = {
			isa = PBXSourcesBuildPhase;
			buildActionMask = 2147483647;
			files = (
				FA48BDE9241902950047726B /* ViewController.swift in Sources */,
				FA48BDE5241902950047726B /* AppDelegate.swift in Sources */,
				FA9930952419072C00E08BB0 /* SwitchCell.swift in Sources */,
			);
			runOnlyForDeploymentPostprocessing = 0;
		};
/* End PBXSourcesBuildPhase section */

/* Begin PBXVariantGroup section */
		FA48BDEA241902950047726B /* Main.storyboard */ = {
			isa = PBXVariantGroup;
			children = (
				FA48BDEB241902950047726B /* Base */,
			);
			name = Main.storyboard;
			sourceTree = "<group>";
		};
		FA48BDEF241902960047726B /* LaunchScreen.storyboard */ = {
			isa = PBXVariantGroup;
			children = (
				FA48BDF0241902960047726B /* Base */,
			);
			name = LaunchScreen.storyboard;
			sourceTree = "<group>";
		};
/* End PBXVariantGroup section */

/* Begin XCBuildConfiguration section */
		FA48BDF3241902960047726B /* Debug */ = {
			isa = XCBuildConfiguration;
			buildSettings = {
				ALWAYS_SEARCH_USER_PATHS = NO;
				CLANG_ANALYZER_NONNULL = YES;
				CLANG_ANALYZER_NUMBER_OBJECT_CONVERSION = YES_AGGRESSIVE;
				CLANG_CXX_LANGUAGE_STANDARD = "gnu++14";
				CLANG_CXX_LIBRARY = "libc++";
				CLANG_ENABLE_MODULES = YES;
				CLANG_ENABLE_OBJC_ARC = YES;
				CLANG_ENABLE_OBJC_WEAK = YES;
				CLANG_WARN_BLOCK_CAPTURE_AUTORELEASING = YES;
				CLANG_WARN_BOOL_CONVERSION = YES;
				CLANG_WARN_COMMA = YES;
				CLANG_WARN_CONSTANT_CONVERSION = YES;
				CLANG_WARN_DEPRECATED_OBJC_IMPLEMENTATIONS = YES;
				CLANG_WARN_DIRECT_OBJC_ISA_USAGE = YES_ERROR;
				CLANG_WARN_DOCUMENTATION_COMMENTS = YES;
				CLANG_WARN_EMPTY_BODY = YES;
				CLANG_WARN_ENUM_CONVERSION = YES;
				CLANG_WARN_INFINITE_RECURSION = YES;
				CLANG_WARN_INT_CONVERSION = YES;
				CLANG_WARN_NON_LITERAL_NULL_CONVERSION = YES;
				CLANG_WARN_OBJC_IMPLICIT_RETAIN_SELF = YES;
				CLANG_WARN_OBJC_LITERAL_CONVERSION = YES;
				CLANG_WARN_OBJC_ROOT_CLASS = YES_ERROR;
				CLANG_WARN_RANGE_LOOP_ANALYSIS = YES;
				CLANG_WARN_STRICT_PROTOTYPES = YES;
				CLANG_WARN_SUSPICIOUS_MOVE = YES;
				CLANG_WARN_UNGUARDED_AVAILABILITY = YES_AGGRESSIVE;
				CLANG_WARN_UNREACHABLE_CODE = YES;
				CLANG_WARN__DUPLICATE_METHOD_MATCH = YES;
				COPY_PHASE_STRIP = NO;
				DEBUG_INFORMATION_FORMAT = dwarf;
				ENABLE_STRICT_OBJC_MSGSEND = YES;
				ENABLE_TESTABILITY = YES;
				GCC_C_LANGUAGE_STANDARD = gnu11;
				GCC_DYNAMIC_NO_PIC = NO;
				GCC_NO_COMMON_BLOCKS = YES;
				GCC_OPTIMIZATION_LEVEL = 0;
				GCC_PREPROCESSOR_DEFINITIONS = (
					"DEBUG=1",
					"$(inherited)",
				);
				GCC_WARN_64_TO_32_BIT_CONVERSION = YES;
				GCC_WARN_ABOUT_RETURN_TYPE = YES_ERROR;
				GCC_WARN_UNDECLARED_SELECTOR = YES;
				GCC_WARN_UNINITIALIZED_AUTOS = YES_AGGRESSIVE;
				GCC_WARN_UNUSED_FUNCTION = YES;
				GCC_WARN_UNUSED_VARIABLE = YES;
				IPHONEOS_DEPLOYMENT_TARGET = 13.2;
				MTL_ENABLE_DEBUG_INFO = INCLUDE_SOURCE;
				MTL_FAST_MATH = YES;
				ONLY_ACTIVE_ARCH = YES;
				SDKROOT = iphoneos;
				SWIFT_ACTIVE_COMPILATION_CONDITIONS = DEBUG;
				SWIFT_OPTIMIZATION_LEVEL = "-Onone";
			};
			name = Debug;
		};
		FA48BDF4241902960047726B /* Release */ = {
			isa = XCBuildConfiguration;
			buildSettings = {
				ALWAYS_SEARCH_USER_PATHS = NO;
				CLANG_ANALYZER_NONNULL = YES;
				CLANG_ANALYZER_NUMBER_OBJECT_CONVERSION = YES_AGGRESSIVE;
				CLANG_CXX_LANGUAGE_STANDARD = "gnu++14";
				CLANG_CXX_LIBRARY = "libc++";
				CLANG_ENABLE_MODULES = YES;
				CLANG_ENABLE_OBJC_ARC = YES;
				CLANG_ENABLE_OBJC_WEAK = YES;
				CLANG_WARN_BLOCK_CAPTURE_AUTORELEASING = YES;
				CLANG_WARN_BOOL_CONVERSION = YES;
				CLANG_WARN_COMMA = YES;
				CLANG_WARN_CONSTANT_CONVERSION = YES;
				CLANG_WARN_DEPRECATED_OBJC_IMPLEMENTATIONS = YES;
				CLANG_WARN_DIRECT_OBJC_ISA_USAGE = YES_ERROR;
				CLANG_WARN_DOCUMENTATION_COMMENTS = YES;
				CLANG_WARN_EMPTY_BODY = YES;
				CLANG_WARN_ENUM_CONVERSION = YES;
				CLANG_WARN_INFINITE_RECURSION = YES;
				CLANG_WARN_INT_CONVERSION = YES;
				CLANG_WARN_NON_LITERAL_NULL_CONVERSION = YES;
				CLANG_WARN_OBJC_IMPLICIT_RETAIN_SELF = YES;
				CLANG_WARN_OBJC_LITERAL_CONVERSION = YES;
				CLANG_WARN_OBJC_ROOT_CLASS = YES_ERROR;
				CLANG_WARN_RANGE_LOOP_ANALYSIS = YES;
				CLANG_WARN_STRICT_PROTOTYPES = YES;
				CLANG_WARN_SUSPICIOUS_MOVE = YES;
				CLANG_WARN_UNGUARDED_AVAILABILITY = YES_AGGRESSIVE;
				CLANG_WARN_UNREACHABLE_CODE = YES;
				CLANG_WARN__DUPLICATE_METHOD_MATCH = YES;
				COPY_PHASE_STRIP = NO;
				DEBUG_INFORMATION_FORMAT = "dwarf-with-dsym";
				ENABLE_NS_ASSERTIONS = NO;
				ENABLE_STRICT_OBJC_MSGSEND = YES;
				GCC_C_LANGUAGE_STANDARD = gnu11;
				GCC_NO_COMMON_BLOCKS = YES;
				GCC_WARN_64_TO_32_BIT_CONVERSION = YES;
				GCC_WARN_ABOUT_RETURN_TYPE = YES_ERROR;
				GCC_WARN_UNDECLARED_SELECTOR = YES;
				GCC_WARN_UNINITIALIZED_AUTOS = YES_AGGRESSIVE;
				GCC_WARN_UNUSED_FUNCTION = YES;
				GCC_WARN_UNUSED_VARIABLE = YES;
				IPHONEOS_DEPLOYMENT_TARGET = 13.2;
				MTL_ENABLE_DEBUG_INFO = NO;
				MTL_FAST_MATH = YES;
				SDKROOT = iphoneos;
				SWIFT_COMPILATION_MODE = wholemodule;
				SWIFT_OPTIMIZATION_LEVEL = "-O";
				VALIDATE_PRODUCT = YES;
			};
			name = Release;
		};
		FA48BDF6241902960047726B /* Debug */ = {
			isa = XCBuildConfiguration;
			baseConfigurationReference = 15252252CB00DC45DBFD41CC /* Pods-Example.debug.xcconfig */;
			buildSettings = {
				ASSETCATALOG_COMPILER_APPICON_NAME = AppIcon;
				CODE_SIGN_STYLE = Automatic;
				DEVELOPMENT_TEAM = VY2ZB4KW5J;
				EXCLUDED_RECURSIVE_SEARCH_PATH_SUBDIRECTORIES = "*.nib *.lproj *.framework *.gch *.xcode* *.xcassets (*) .DS_Store CVS .svn .git .hg *.pbproj *.pbxproj $(PROJECT_DIR)/build/Debug-iphoneos (non-recursive)";
				FRAMEWORK_SEARCH_PATHS = "$(SRCROOT)";
				INFOPLIST_FILE = Example/Info.plist;
				IPHONEOS_DEPLOYMENT_TARGET = 12.0;
				LD_RUNPATH_SEARCH_PATHS = (
					"$(inherited)",
					"@executable_path/Frameworks",
				);
				ONLY_ACTIVE_ARCH = NO;
				PRODUCT_BUNDLE_IDENTIFIER = rs.Example;
				PRODUCT_NAME = "$(TARGET_NAME)";
				SWIFT_VERSION = 5.0;
				SYSTEM_FRAMEWORK_SEARCH_PATHS = "";
				TARGETED_DEVICE_FAMILY = "1,2";
			};
			name = Debug;
		};
		FA48BDF7241902960047726B /* Release */ = {
			isa = XCBuildConfiguration;
			baseConfigurationReference = 9E3D69CB9ADD76A69EE8E790 /* Pods-Example.release.xcconfig */;
			buildSettings = {
				ASSETCATALOG_COMPILER_APPICON_NAME = AppIcon;
				CODE_SIGN_STYLE = Automatic;
				DEVELOPMENT_TEAM = VY2ZB4KW5J;
				EXCLUDED_RECURSIVE_SEARCH_PATH_SUBDIRECTORIES = "*.nib *.lproj *.framework *.gch *.xcode* *.xcassets (*) .DS_Store CVS .svn .git .hg *.pbproj *.pbxproj $(PROJECT_DIR)/build/Debug-iphoneos (non-recursive)";
				FRAMEWORK_SEARCH_PATHS = "$(SRCROOT)";
				INFOPLIST_FILE = Example/Info.plist;
				IPHONEOS_DEPLOYMENT_TARGET = 12.0;
				LD_RUNPATH_SEARCH_PATHS = (
					"$(inherited)",
					"@executable_path/Frameworks",
				);
				ONLY_ACTIVE_ARCH = NO;
				PRODUCT_BUNDLE_IDENTIFIER = rs.Example;
				PRODUCT_NAME = "$(TARGET_NAME)";
				SWIFT_VERSION = 5.0;
				SYSTEM_FRAMEWORK_SEARCH_PATHS = "";
				TARGETED_DEVICE_FAMILY = "1,2";
			};
			name = Release;
		};
/* End XCBuildConfiguration section */

/* Begin XCConfigurationList section */
		FA48BDDC241902950047726B /* Build configuration list for PBXProject "Example" */ = {
			isa = XCConfigurationList;
			buildConfigurations = (
				FA48BDF3241902960047726B /* Debug */,
				FA48BDF4241902960047726B /* Release */,
			);
			defaultConfigurationIsVisible = 0;
			defaultConfigurationName = Release;
		};
		FA48BDF5241902960047726B /* Build configuration list for PBXNativeTarget "Example" */ = {
			isa = XCConfigurationList;
			buildConfigurations = (
				FA48BDF6241902960047726B /* Debug */,
				FA48BDF7241902960047726B /* Release */,
			);
			defaultConfigurationIsVisible = 0;
			defaultConfigurationName = Release;
		};
/* End XCConfigurationList section */
	};
	rootObject = FA48BDD9241902950047726B /* Project object */;
}
